
Microsoft Visual Studio Solution File, Format Version 12.00
# Visual Studio Version 16
VisualStudioVersion = 16.0.29609.76
MinimumVisualStudioVersion = 10.0.40219.1
Project("{FAE04EC0-301F-11D3-BF4B-00C04F79EFBC}") = "WeatherService", "WeatherService\WeatherService.csproj", "{29DDB3CE-5887-41CE-9211-831CC5CAAB78}"
EndProject
Global
	GlobalSection(SolutionConfigurationPlatforms) = preSolution
		Debug|Any CPU = Debug|Any CPU
		Release|Any CPU = Release|Any CPU
	EndGlobalSection
	GlobalSection(ProjectConfigurationPlatforms) = postSolution
		{29DDB3CE-5887-41CE-9211-831CC5CAAB78}.Debug|Any CPU.ActiveCfg = Debug|Any CPU
		{29DDB3CE-5887-41CE-9211-831CC5CAAB78}.Debug|Any CPU.Build.0 = Debug|Any CPU
		{29DDB3CE-5887-41CE-9211-831CC5CAAB78}.Release|Any CPU.ActiveCfg = Release|Any CPU
		{29DDB3CE-5887-41CE-9211-831CC5CAAB78}.Release|Any CPU.Build.0 = Release|Any CPU
	EndGlobalSection
	GlobalSection(SolutionProperties) = preSolution
		HideSolutionNode = FALSE
	EndGlobalSection
	GlobalSection(ExtensibilityGlobals) = postSolution
		SolutionGuid = {F1E28692-1486-485C-9D83-4660D0B280C3}
	EndGlobalSection
EndGlobal
