
Microsoft Visual Studio Solution File, Format Version 12.00
# Visual Studio Version 16
VisualStudioVersion = 16.0.29209.62
MinimumVisualStudioVersion = 10.0.40219.1
Project("{FAE04EC0-301F-11D3-BF4B-00C04F79EFBC}") = "WeatherService", "WeatherService\WeatherService.csproj", "{1A8D0105-5A48-4A02-84C7-885186B3EB6D}"
EndProject
Global
	GlobalSection(SolutionConfigurationPlatforms) = preSolution
		Debug|Any CPU = Debug|Any CPU
		Release|Any CPU = Release|Any CPU
	EndGlobalSection
	GlobalSection(ProjectConfigurationPlatforms) = postSolution
		{1A8D0105-5A48-4A02-84C7-885186B3EB6D}.Debug|Any CPU.ActiveCfg = Debug|Any CPU
		{1A8D0105-5A48-4A02-84C7-885186B3EB6D}.Debug|Any CPU.Build.0 = Debug|Any CPU
		{1A8D0105-5A48-4A02-84C7-885186B3EB6D}.Release|Any CPU.ActiveCfg = Release|Any CPU
		{1A8D0105-5A48-4A02-84C7-885186B3EB6D}.Release|Any CPU.Build.0 = Release|Any CPU
	EndGlobalSection
	GlobalSection(SolutionProperties) = preSolution
		HideSolutionNode = FALSE
	EndGlobalSection
	GlobalSection(ExtensibilityGlobals) = postSolution
		SolutionGuid = {1A64089E-FC76-4178-8717-729E031D40B2}
	EndGlobalSection
EndGlobal
